
Microsoft Visual Studio Solution File, Format Version 12.00
# Visual Studio Version 17
VisualStudioVersion = 17.4.33027.239
MinimumVisualStudioVersion = 10.0.40219.1
Project("{FAE04EC0-301F-11D3-BF4B-00C04F79EFBC}") = "Login-Application", "Login-Application\Login-Application.csproj", "{1D73D75C-3080-414B-BBE8-CEFC40A84CEA}"
EndProject
Global
	GlobalSection(SolutionConfigurationPlatforms) = preSolution
		Debug|Any CPU = Debug|Any CPU
		Release|Any CPU = Release|Any CPU
	EndGlobalSection
	GlobalSection(ProjectConfigurationPlatforms) = postSolution
		{1D73D75C-3080-414B-BBE8-CEFC40A84CEA}.Debug|Any CPU.ActiveCfg = Debug|Any CPU
		{1D73D75C-3080-414B-BBE8-CEFC40A84CEA}.Debug|Any CPU.Build.0 = Debug|Any CPU
		{1D73D75C-3080-414B-BBE8-CEFC40A84CEA}.Release|Any CPU.ActiveCfg = Release|Any CPU
		{1D73D75C-3080-414B-BBE8-CEFC40A84CEA}.Release|Any CPU.Build.0 = Release|Any CPU
	EndGlobalSection
	GlobalSection(SolutionProperties) = preSolution
		HideSolutionNode = FALSE
	EndGlobalSection
	GlobalSection(ExtensibilityGlobals) = postSolution
		SolutionGuid = {6B283463-71C4-4940-82F8-8B35DE2B277B}
	EndGlobalSection
EndGlobal
